
Microsoft Visual Studio Solution File, Format Version 12.00
# Visual Studio Version 17
VisualStudioVersion = 17.4.33205.214
MinimumVisualStudioVersion = 10.0.40219.1
Project("{FAE04EC0-301F-11D3-BF4B-00C04F79EFBC}") = "LearnAppServerAPI", "LearnAppServerAPI\LearnAppServerAPI.csproj", "{8C9AA91E-A5F7-44BB-B273-91BB3309373C}"
EndProject
Global
	GlobalSection(SolutionConfigurationPlatforms) = preSolution
		Debug|Any CPU = Debug|Any CPU
		Release|Any CPU = Release|Any CPU
	EndGlobalSection
	GlobalSection(ProjectConfigurationPlatforms) = postSolution
		{8C9AA91E-A5F7-44BB-B273-91BB3309373C}.Debug|Any CPU.ActiveCfg = Debug|Any CPU
		{8C9AA91E-A5F7-44BB-B273-91BB3309373C}.Debug|Any CPU.Build.0 = Debug|Any CPU
		{8C9AA91E-A5F7-44BB-B273-91BB3309373C}.Release|Any CPU.ActiveCfg = Release|Any CPU
		{8C9AA91E-A5F7-44BB-B273-91BB3309373C}.Release|Any CPU.Build.0 = Release|Any CPU
	EndGlobalSection
	GlobalSection(SolutionProperties) = preSolution
		HideSolutionNode = FALSE
	EndGlobalSection
	GlobalSection(ExtensibilityGlobals) = postSolution
		SolutionGuid = {F8AA7CDA-0280-400B-AC02-16F861F1D2E9}
	EndGlobalSection
EndGlobal
